
Microsoft Visual Studio Solution File, Format Version 12.00
# Visual Studio 14
VisualStudioVersion = 14.0.22823.1
MinimumVisualStudioVersion = 10.0.40219.1
Project("{2150E333-8FDC-42A3-9474-1A3956D46DE8}") = "src", "src", "{817F655D-9BE8-4E88-86F1-74CFC14E9714}"
EndProject
Project("{2150E333-8FDC-42A3-9474-1A3956D46DE8}") = "Solution Items", "Solution Items", "{A71AFBD1-5E65-47D2-A618-FB51FC61D47E}"
	ProjectSection(SolutionItems) = preProject
		global.json = global.json
	EndProjectSection
EndProject
Project("{8BB2217D-0F2D-49D1-97BC-3654ED321F3B}") = "HelloWorld", "HelloWorld.xproj", "{393251A4-BB02-4F48-9A6F-33355E38DB3E}"
EndProject
Global
	GlobalSection(SolutionConfigurationPlatforms) = preSolution
		Debug|Any CPU = Debug|Any CPU
		Release|Any CPU = Release|Any CPU
	EndGlobalSection
	GlobalSection(ProjectConfigurationPlatforms) = postSolution
		{393251A4-BB02-4F48-9A6F-33355E38DB3E}.Debug|Any CPU.ActiveCfg = Debug|Any CPU
		{393251A4-BB02-4F48-9A6F-33355E38DB3E}.Debug|Any CPU.Build.0 = Debug|Any CPU
		{393251A4-BB02-4F48-9A6F-33355E38DB3E}.Release|Any CPU.ActiveCfg = Release|Any CPU
		{393251A4-BB02-4F48-9A6F-33355E38DB3E}.Release|Any CPU.Build.0 = Release|Any CPU
	EndGlobalSection
	GlobalSection(SolutionProperties) = preSolution
		HideSolutionNode = FALSE
	EndGlobalSection
	GlobalSection(NestedProjects) = preSolution
		{393251A4-BB02-4F48-9A6F-33355E38DB3E} = {817F655D-9BE8-4E88-86F1-74CFC14E9714}
	EndGlobalSection
EndGlobal
